Microsoft Visual Studio Solution File, Format Version 12.00
# Visual Studio Version 17
VisualStudioVersion = 17.10.34818.151
MinimumVisualStudioVersion = 10.0.40219.1
Project("{9A19103F-16F7-4668-BE54-9A1E7A4F7556}") = "WILLOWMAKER", "WILLOWMAKER\WILLOWMAKER.csproj", "{6D1693AE-A051-5FCB-8083-92513F156CE4}"
EndProject
Project("{9A19103F-16F7-4668-BE54-9A1E7A4F7556}") = "WILLOWMAKER.Core", "WILLOWMAKER.Core\WILLOWMAKER.Core.csproj", "{0D68DE9E-C067-6097-A6B1-AE04B7176380}"
EndProject
Global
	GlobalSection(SolutionConfigurationPlatforms) = preSolution
		Debug|Any CPU = Debug|Any CPU
		Release|Any CPU = Release|Any CPU
	EndGlobalSection
	GlobalSection(ProjectConfigurationPlatforms) = postSolution
		{6D1693AE-A051-5FCB-8083-92513F156CE4}.Debug|Any CPU.ActiveCfg = Debug|Any CPU
		{6D1693AE-A051-5FCB-8083-92513F156CE4}.Debug|Any CPU.Build.0 = Debug|Any CPU
		{6D1693AE-A051-5FCB-8083-92513F156CE4}.Release|Any CPU.ActiveCfg = Release|Any CPU
		{6D1693AE-A051-5FCB-8083-92513F156CE4}.Release|Any CPU.Build.0 = Release|Any CPU
		{0D68DE9E-C067-6097-A6B1-AE04B7176380}.Debug|Any CPU.ActiveCfg = Debug|Any CPU
		{0D68DE9E-C067-6097-A6B1-AE04B7176380}.Debug|Any CPU.Build.0 = Debug|Any CPU
		{0D68DE9E-C067-6097-A6B1-AE04B7176380}.Release|Any CPU.ActiveCfg = Release|Any CPU
		{0D68DE9E-C067-6097-A6B1-AE04B7176380}.Release|Any CPU.Build.0 = Release|Any CPU
	EndGlobalSection
	GlobalSection(SolutionProperties) = preSolution
		HideSolutionNode = FALSE
	EndGlobalSection
EndGlobal
